// !$*UTF8*$!
{
	archiveVersion = 1;
	classes = {
	};
	objectVersion = 55;
	objects = {

/* Begin PBXBuildFile section */
		DA68680D27BA118100433537 /* AppDelegate.swift in Sources */ = {isa = PBXBuildFile; fileRef = DA68680C27BA118100433537 /* AppDelegate.swift */; };
		DA68680F27BA118100433537 /* SceneDelegate.swift in Sources */ = {isa = PBXBuildFile; fileRef = DA68680E27BA118100433537 /* SceneDelegate.swift */; };
		DA68681427BA118100433537 /* Main.storyboard in Resources */ = {isa = PBXBuildFile; fileRef = DA68681227BA118100433537 /* Main.storyboard */; };
		DA68681627BA118300433537 /* Assets.xcassets in Resources */ = {isa = PBXBuildFile; fileRef = DA68681527BA118300433537 /* Assets.xcassets */; };
		DA68681927BA118300433537 /* LaunchScreen.storyboard in Resources */ = {isa = PBXBuildFile; fileRef = DA68681727BA118300433537 /* LaunchScreen.storyboard */; };
		DA68682127BA11C400433537 /* MusicListViewController.swift in Sources */ = {isa = PBXBuildFile; fileRef = DA68682027BA11C400433537 /* MusicListViewController.swift */; };
		DA68682727BA12B700433537 /* MusicListCollectionViewCell.swift in Sources */ = {isa = PBXBuildFile; fileRef = DA68682627BA12B700433537 /* MusicListCollectionViewCell.swift */; };
		DA68682927BA12D600433537 /* PlayMusicViewController.swift in Sources */ = {isa = PBXBuildFile; fileRef = DA68682827BA12D600433537 /* PlayMusicViewController.swift */; };
		DA68682C27BA134100433537 /* 028. 권진아 - Lonely Night.mp3 in Resources */ = {isa = PBXBuildFile; fileRef = DA68682B27BA134100433537 /* 028. 권진아 - Lonely Night.mp3 */; };
		DA68682E27BA134900433537 /* 031 V.O.S - 다시 만날까 봐.mp3 in Resources */ = {isa = PBXBuildFile; fileRef = DA68682D27BA134900433537 /* 031 V.O.S - 다시 만날까 봐.mp3 */; };
		DA68683027BA135100433537 /* 038 조정석-01-아로하.mp3 in Resources */ = {isa = PBXBuildFile; fileRef = DA68682F27BA135100433537 /* 038 조정석-01-아로하.mp3 */; };
		DA68683227BA135800433537 /* 065. 폴킴 - 비.mp3 in Resources */ = {isa = PBXBuildFile; fileRef = DA68683127BA135800433537 /* 065. 폴킴 - 비.mp3 */; };
		DA68683427BA135F00433537 /* 경서 - 밤하늘의 별을(2020).mp3 in Resources */ = {isa = PBXBuildFile; fileRef = DA68683327BA135F00433537 /* 경서 - 밤하늘의 별을(2020).mp3 */; };
		DA68683627BA136D00433537 /* 니소식.mp3 in Resources */ = {isa = PBXBuildFile; fileRef = DA68683527BA136D00433537 /* 니소식.mp3 */; };
		DA68683827BA137300433537 /* 아이유 밤편지.mp3 in Resources */ = {isa = PBXBuildFile; fileRef = DA68683727BA137300433537 /* 아이유 밤편지.mp3 */; };
		DA68683A27BA137900433537 /* 비도 오고 그래서.mp3 in Resources */ = {isa = PBXBuildFile; fileRef = DA68683927BA137900433537 /* 비도 오고 그래서.mp3 */; };
		DA68683C27BA138000433537 /* 에디킴 - 너사용법.mp3 in Resources */ = {isa = PBXBuildFile; fileRef = DA68683B27BA138000433537 /* 에디킴 - 너사용법.mp3 */; };
		DA68683E27BA138E00433537 /* Way Back Home.mp3 in Resources */ = {isa = PBXBuildFile; fileRef = DA68683D27BA138E00433537 /* Way Back Home.mp3 */; };
		DA68684027BA139500433537 /* Future (미래).mp3 in Resources */ = {isa = PBXBuildFile; fileRef = DA68683F27BA139500433537 /* Future (미래).mp3 */; };
		DA68684227BA13AF00433537 /* 아이콘 - 사랑을 했다.mp3 in Resources */ = {isa = PBXBuildFile; fileRef = DA68684127BA13AF00433537 /* 아이콘 - 사랑을 했다.mp3 */; };
/* End PBXBuildFile section */

/* Begin PBXFileReference section */
		DA68680927BA118100433537 /* MusicPlayer.app */ = {isa = PBXFileReference; explicitFileType = wrapper.application; includeInIndex = 0; path = MusicPlayer.app; sourceTree = BUILT_PRODUCTS_DIR; };
		DA68680C27BA118100433537 /* AppDelegate.swift */ = {isa = PBXFileReference; lastKnownFileType = sourcecode.swift; path = AppDelegate.swift; sourceTree = "<group>"; };
		DA68680E27BA118100433537 /* SceneDelegate.swift */ = {isa = PBXFileReference; lastKnownFileType = sourcecode.swift; path = SceneDelegate.swift; sourceTree = "<group>"; };
		DA68681327BA118100433537 /* Base */ = {isa = PBXFileReference; lastKnownFileType = file.storyboard; name = Base; path = Base.lproj/Main.storyboard; sourceTree = "<group>"; };
		DA68681527BA118300433537 /* Assets.xcassets */ = {isa = PBXFileReference; lastKnownFileType = folder.assetcatalog; path = Assets.xcassets; sourceTree = "<group>"; };
		DA68681827BA118300433537 /* Base */ = {isa = PBXFileReference; lastKnownFileType = file.storyboard; name = Base; path = Base.lproj/LaunchScreen.storyboard; sourceTree = "<group>"; };
		DA68681A27BA118300433537 /* Info.plist */ = {isa = PBXFileReference; lastKnownFileType = text.plist.xml; path = Info.plist; sourceTree = "<group>"; };
		DA68682027BA11C400433537 /* MusicListViewController.swift */ = {isa = PBXFileReference; lastKnownFileType = sourcecode.swift; path = MusicListViewController.swift; sourceTree = "<group>"; };
		DA68682627BA12B700433537 /* MusicListCollectionViewCell.swift */ = {isa = PBXFileReference; lastKnownFileType = sourcecode.swift; path = MusicListCollectionViewCell.swift; sourceTree = "<group>"; };
		DA68682827BA12D600433537 /* PlayMusicViewController.swift */ = {isa = PBXFileReference; lastKnownFileType = sourcecode.swift; path = PlayMusicViewController.swift; sourceTree = "<group>"; };
		DA68682B27BA134100433537 /* 028. 권진아 - Lonely Night.mp3 */ = {isa = PBXFileReference; lastKnownFileType = audio.mp3; name = "028. 권진아 - Lonely Night.mp3"; path = "../../../../music/028. 권진아 - Lonely Night.mp3"; sourceTree = "<group>"; };
		DA68682D27BA134900433537 /* 031 V.O.S - 다시 만날까 봐.mp3 */ = {isa = PBXFileReference; lastKnownFileType = audio.mp3; name = "031 V.O.S - 다시 만날까 봐.mp3"; path = "../../../../music/031 V.O.S - 다시 만날까 봐.mp3"; sourceTree = "<group>"; };
		DA68682F27BA135100433537 /* 038 조정석-01-아로하.mp3 */ = {isa = PBXFileReference; lastKnownFileType = audio.mp3; name = "038 조정석-01-아로하.mp3"; path = "../../../../music/038 조정석-01-아로하.mp3"; sourceTree = "<group>"; };
		DA68683127BA135800433537 /* 065. 폴킴 - 비.mp3 */ = {isa = PBXFileReference; lastKnownFileType = audio.mp3; name = "065. 폴킴 - 비.mp3"; path = "../../../../music/065. 폴킴 - 비.mp3"; sourceTree = "<group>"; };
		DA68683327BA135F00433537 /* 경서 - 밤하늘의 별을(2020).mp3 */ = {isa = PBXFileReference; lastKnownFileType = audio.mp3; name = "경서 - 밤하늘의 별을(2020).mp3"; path = "../../../../music/경서 - 밤하늘의 별을(2020).mp3"; sourceTree = "<group>"; };
		DA68683527BA136D00433537 /* 니소식.mp3 */ = {isa = PBXFileReference; lastKnownFileType = audio.mp3; name = "니소식.mp3"; path = "../../../../music/니소식.mp3"; sourceTree = "<group>"; };
		DA68683727BA137300433537 /* 아이유 밤편지.mp3 */ = {isa = PBXFileReference; lastKnownFileType = audio.mp3; name = "아이유 밤편지.mp3"; path = "../../../../music/아이유 밤편지.mp3"; sourceTree = "<group>"; };
		DA68683927BA137900433537 /* 비도 오고 그래서.mp3 */ = {isa = PBXFileReference; lastKnownFileType = audio.mp3; name = "비도 오고 그래서.mp3"; path = "../../../../music/비도 오고 그래서.mp3"; sourceTree = "<group>"; };
		DA68683B27BA138000433537 /* 에디킴 - 너사용법.mp3 */ = {isa = PBXFileReference; lastKnownFileType = audio.mp3; name = "에디킴 - 너사용법.mp3"; path = "../../../../music/에디킴 - 너사용법.mp3"; sourceTree = "<group>"; };
		DA68683D27BA138E00433537 /* Way Back Home.mp3 */ = {isa = PBXFileReference; lastKnownFileType = audio.mp3; name = "Way Back Home.mp3"; path = "../../../../music/Way Back Home.mp3"; sourceTree = "<group>"; };
		DA68683F27BA139500433537 /* Future (미래).mp3 */ = {isa = PBXFileReference; lastKnownFileType = audio.mp3; name = "Future (미래).mp3"; path = "../../../../music/Future (미래).mp3"; sourceTree = "<group>"; };
		DA68684127BA13AF00433537 /* 아이콘 - 사랑을 했다.mp3 */ = {isa = PBXFileReference; lastKnownFileType = audio.mp3; name = "아이콘 - 사랑을 했다.mp3"; path = "../../../../music/아이콘 - 사랑을 했다.mp3"; sourceTree = "<group>"; };
/* End PBXFileReference section */

/* Begin PBXFrameworksBuildPhase section */
		DA68680627BA118100433537 /* Frameworks */ = {
			isa = PBXFrameworksBuildPhase;
			buildActionMask = 2147483647;
			files = (
			);
			runOnlyForDeploymentPostprocessing = 0;
		};
/* End PBXFrameworksBuildPhase section */

/* Begin PBXGroup section */
		DA68680027BA118100433537 = {
			isa = PBXGroup;
			children = (
				DA68680B27BA118100433537 /* MusicPlayer */,
				DA68680A27BA118100433537 /* Products */,
			);
			sourceTree = "<group>";
		};
		DA68680A27BA118100433537 /* Products */ = {
			isa = PBXGroup;
			children = (
				DA68680927BA118100433537 /* MusicPlayer.app */,
			);
			name = Products;
			sourceTree = "<group>";
		};
		DA68680B27BA118100433537 /* MusicPlayer */ = {
			isa = PBXGroup;
			children = (
				DA68682A27BA132400433537 /* Music */,
				DA68682427BA121200433537 /* Model */,
				DA68682527BA121800433537 /* ViewModel */,
				DA68682327BA120500433537 /* View */,
				DA68682227BA11E400433537 /* App */,
				DA68681A27BA118300433537 /* Info.plist */,
				DA68681227BA118100433537 /* Main.storyboard */,
			);
			path = MusicPlayer;
			sourceTree = "<group>";
		};
		DA68682227BA11E400433537 /* App */ = {
			isa = PBXGroup;
			children = (
				DA68681527BA118300433537 /* Assets.xcassets */,
				DA68680C27BA118100433537 /* AppDelegate.swift */,
				DA68680E27BA118100433537 /* SceneDelegate.swift */,
				DA68681727BA118300433537 /* LaunchScreen.storyboard */,
			);
			path = App;
			sourceTree = "<group>";
		};
		DA68682327BA120500433537 /* View */ = {
			isa = PBXGroup;
			children = (
				DA68682027BA11C400433537 /* MusicListViewController.swift */,
				DA68682627BA12B700433537 /* MusicListCollectionViewCell.swift */,
				DA68682827BA12D600433537 /* PlayMusicViewController.swift */,
			);
			path = View;
			sourceTree = "<group>";
		};
		DA68682427BA121200433537 /* Model */ = {
			isa = PBXGroup;
			children = (
			);
			path = Model;
			sourceTree = "<group>";
		};
		DA68682527BA121800433537 /* ViewModel */ = {
			isa = PBXGroup;
			children = (
			);
			path = ViewModel;
			sourceTree = "<group>";
		};
		DA68682A27BA132400433537 /* Music */ = {
			isa = PBXGroup;
			children = (
				DA68682B27BA134100433537 /* 028. 권진아 - Lonely Night.mp3 */,
				DA68683D27BA138E00433537 /* Way Back Home.mp3 */,
				DA68682D27BA134900433537 /* 031 V.O.S - 다시 만날까 봐.mp3 */,
				DA68683927BA137900433537 /* 비도 오고 그래서.mp3 */,
				DA68682F27BA135100433537 /* 038 조정석-01-아로하.mp3 */,
				DA68683127BA135800433537 /* 065. 폴킴 - 비.mp3 */,
				DA68683B27BA138000433537 /* 에디킴 - 너사용법.mp3 */,
				DA68683F27BA139500433537 /* Future (미래).mp3 */,
				DA68684127BA13AF00433537 /* 아이콘 - 사랑을 했다.mp3 */,
				DA68683327BA135F00433537 /* 경서 - 밤하늘의 별을(2020).mp3 */,
				DA68683527BA136D00433537 /* 니소식.mp3 */,
				DA68683727BA137300433537 /* 아이유 밤편지.mp3 */,
			);
			path = Music;
			sourceTree = "<group>";
		};
/* End PBXGroup section */

/* Begin PBXNativeTarget section */
		DA68680827BA118100433537 /* MusicPlayer */ = {
			isa = PBXNativeTarget;
			buildConfigurationList = DA68681D27BA118300433537 /* Build configuration list for PBXNativeTarget "MusicPlayer" */;
			buildPhases = (
				DA68680527BA118100433537 /* Sources */,
				DA68680627BA118100433537 /* Frameworks */,
				DA68680727BA118100433537 /* Resources */,
			);
			buildRules = (
			);
			dependencies = (
			);
			name = MusicPlayer;
			productName = MusicPlayer;
			productReference = DA68680927BA118100433537 /* MusicPlayer.app */;
			productType = "com.apple.product-type.application";
		};
/* End PBXNativeTarget section */

/* Begin PBXProject section */
		DA68680127BA118100433537 /* Project object */ = {
			isa = PBXProject;
			attributes = {
				BuildIndependentTargetsInParallel = 1;
				LastSwiftUpdateCheck = 1320;
				LastUpgradeCheck = 1320;
				TargetAttributes = {
					DA68680827BA118100433537 = {
						CreatedOnToolsVersion = 13.2.1;
					};
				};
			};
			buildConfigurationList = DA68680427BA118100433537 /* Build configuration list for PBXProject "MusicPlayer" */;
			compatibilityVersion = "Xcode 13.0";
			developmentRegion = en;
			hasScannedForEncodings = 0;
			knownRegions = (
				en,
				Base,
			);
			mainGroup = DA68680027BA118100433537;
			productRefGroup = DA68680A27BA118100433537 /* Products */;
			projectDirPath = "";
			projectRoot = "";
			targets = (
				DA68680827BA118100433537 /* MusicPlayer */,
			);
		};
/* End PBXProject section */

/* Begin PBXResourcesBuildPhase section */
		DA68680727BA118100433537 /* Resources */ = {
			isa = PBXResourcesBuildPhase;
			buildActionMask = 2147483647;
			files = (
				DA68683C27BA138000433537 /* 에디킴 - 너사용법.mp3 in Resources */,
				DA68682C27BA134100433537 /* 028. 권진아 - Lonely Night.mp3 in Resources */,
				DA68683027BA135100433537 /* 038 조정석-01-아로하.mp3 in Resources */,
				DA68684027BA139500433537 /* Future (미래).mp3 in Resources */,
				DA68682E27BA134900433537 /* 031 V.O.S - 다시 만날까 봐.mp3 in Resources */,
				DA68684227BA13AF00433537 /* 아이콘 - 사랑을 했다.mp3 in Resources */,
				DA68683427BA135F00433537 /* 경서 - 밤하늘의 별을(2020).mp3 in Resources */,
				DA68683A27BA137900433537 /* 비도 오고 그래서.mp3 in Resources */,
				DA68683227BA135800433537 /* 065. 폴킴 - 비.mp3 in Resources */,
				DA68681927BA118300433537 /* LaunchScreen.storyboard in Resources */,
				DA68683E27BA138E00433537 /* Way Back Home.mp3 in Resources */,
				DA68683627BA136D00433537 /* 니소식.mp3 in Resources */,
				DA68683827BA137300433537 /* 아이유 밤편지.mp3 in Resources */,
				DA68681627BA118300433537 /* Assets.xcassets in Resources */,
				DA68681427BA118100433537 /* Main.storyboard in Resources */,
			);
			runOnlyForDeploymentPostprocessing = 0;
		};
/* End PBXResourcesBuildPhase section */

/* Begin PBXSourcesBuildPhase section */
		DA68680527BA118100433537 /* Sources */ = {
			isa = PBXSourcesBuildPhase;
			buildActionMask = 2147483647;
			files = (
				DA68682727BA12B700433537 /* MusicListCollectionViewCell.swift in Sources */,
				DA68680D27BA118100433537 /* AppDelegate.swift in Sources */,
				DA68680F27BA118100433537 /* SceneDelegate.swift in Sources */,
				DA68682127BA11C400433537 /* MusicListViewController.swift in Sources */,
				DA68682927BA12D600433537 /* PlayMusicViewController.swift in Sources */,
			);
			runOnlyForDeploymentPostprocessing = 0;
		};
/* End PBXSourcesBuildPhase section */

/* Begin PBXVariantGroup section */
		DA68681227BA118100433537 /* Main.storyboard */ = {
			isa = PBXVariantGroup;
			children = (
				DA68681327BA118100433537 /* Base */,
			);
			name = Main.storyboard;
			sourceTree = "<group>";
		};
		DA68681727BA118300433537 /* LaunchScreen.storyboard */ = {
			isa = PBXVariantGroup;
			children = (
				DA68681827BA118300433537 /* Base */,
			);
			name = LaunchScreen.storyboard;
			sourceTree = "<group>";
		};
/* End PBXVariantGroup section */

/* Begin XCBuildConfiguration section */
		DA68681B27BA118300433537 /* Debug */ = {
			isa = XCBuildConfiguration;
			buildSettings = {
				ALWAYS_SEARCH_USER_PATHS = NO;
				CLANG_ANALYZER_NONNULL = YES;
				CLANG_ANALYZER_NUMBER_OBJECT_CONVERSION = YES_AGGRESSIVE;
				CLANG_CXX_LANGUAGE_STANDARD = "gnu++17";
				CLANG_CXX_LIBRARY = "libc++";
				CLANG_ENABLE_MODULES = YES;
				CLANG_ENABLE_OBJC_ARC = YES;
				CLANG_ENABLE_OBJC_WEAK = YES;
				CLANG_WARN_BLOCK_CAPTURE_AUTORELEASING = YES;
				CLANG_WARN_BOOL_CONVERSION = YES;
				CLANG_WARN_COMMA = YES;
				CLANG_WARN_CONSTANT_CONVERSION = YES;
				CLANG_WARN_DEPRECATED_OBJC_IMPLEMENTATIONS = YES;
				CLANG_WARN_DIRECT_OBJC_ISA_USAGE = YES_ERROR;
				CLANG_WARN_DOCUMENTATION_COMMENTS = YES;
				CLANG_WARN_EMPTY_BODY = YES;
				CLANG_WARN_ENUM_CONVERSION = YES;
				CLANG_WARN_INFINITE_RECURSION = YES;
				CLANG_WARN_INT_CONVERSION = YES;
				CLANG_WARN_NON_LITERAL_NULL_CONVERSION = YES;
				CLANG_WARN_OBJC_IMPLICIT_RETAIN_SELF = YES;
				CLANG_WARN_OBJC_LITERAL_CONVERSION = YES;
				CLANG_WARN_OBJC_ROOT_CLASS = YES_ERROR;
				CLANG_WARN_QUOTED_INCLUDE_IN_FRAMEWORK_HEADER = YES;
				CLANG_WARN_RANGE_LOOP_ANALYSIS = YES;
				CLANG_WARN_STRICT_PROTOTYPES = YES;
				CLANG_WARN_SUSPICIOUS_MOVE = YES;
				CLANG_WARN_UNGUARDED_AVAILABILITY = YES_AGGRESSIVE;
				CLANG_WARN_UNREACHABLE_CODE = YES;
				CLANG_WARN__DUPLICATE_METHOD_MATCH = YES;
				COPY_PHASE_STRIP = NO;
				DEBUG_INFORMATION_FORMAT = dwarf;
				ENABLE_STRICT_OBJC_MSGSEND = YES;
				ENABLE_TESTABILITY = YES;
				GCC_C_LANGUAGE_STANDARD = gnu11;
				GCC_DYNAMIC_NO_PIC = NO;
				GCC_NO_COMMON_BLOCKS = YES;
				GCC_OPTIMIZATION_LEVEL = 0;
				GCC_PREPROCESSOR_DEFINITIONS = (
					"DEBUG=1",
					"$(inherited)",
				);
				GCC_WARN_64_TO_32_BIT_CONVERSION = YES;
				GCC_WARN_ABOUT_RETURN_TYPE = YES_ERROR;
				GCC_WARN_UNDECLARED_SELECTOR = YES;
				GCC_WARN_UNINITIALIZED_AUTOS = YES_AGGRESSIVE;
				GCC_WARN_UNUSED_FUNCTION = YES;
				GCC_WARN_UNUSED_VARIABLE = YES;
				IPHONEOS_DEPLOYMENT_TARGET = 15.2;
				MTL_ENABLE_DEBUG_INFO = INCLUDE_SOURCE;
				MTL_FAST_MATH = YES;
				ONLY_ACTIVE_ARCH = YES;
				SDKROOT = iphoneos;
				SWIFT_ACTIVE_COMPILATION_CONDITIONS = DEBUG;
				SWIFT_OPTIMIZATION_LEVEL = "-Onone";
			};
			name = Debug;
		};
		DA68681C27BA118300433537 /* Release */ = {
			isa = XCBuildConfiguration;
			buildSettings = {
				ALWAYS_SEARCH_USER_PATHS = NO;
				CLANG_ANALYZER_NONNULL = YES;
				CLANG_ANALYZER_NUMBER_OBJECT_CONVERSION = YES_AGGRESSIVE;
				CLANG_CXX_LANGUAGE_STANDARD = "gnu++17";
				CLANG_CXX_LIBRARY = "libc++";
				CLANG_ENABLE_MODULES = YES;
				CLANG_ENABLE_OBJC_ARC = YES;
				CLANG_ENABLE_OBJC_WEAK = YES;
				CLANG_WARN_BLOCK_CAPTURE_AUTORELEASING = YES;
				CLANG_WARN_BOOL_CONVERSION = YES;
				CLANG_WARN_COMMA = YES;
				CLANG_WARN_CONSTANT_CONVERSION = YES;
				CLANG_WARN_DEPRECATED_OBJC_IMPLEMENTATIONS = YES;
				CLANG_WARN_DIRECT_OBJC_ISA_USAGE = YES_ERROR;
				CLANG_WARN_DOCUMENTATION_COMMENTS = YES;
				CLANG_WARN_EMPTY_BODY = YES;
				CLANG_WARN_ENUM_CONVERSION = YES;
				CLANG_WARN_INFINITE_RECURSION = YES;
				CLANG_WARN_INT_CONVERSION = YES;
				CLANG_WARN_NON_LITERAL_NULL_CONVERSION = YES;
				CLANG_WARN_OBJC_IMPLICIT_RETAIN_SELF = YES;
				CLANG_WARN_OBJC_LITERAL_CONVERSION = YES;
				CLANG_WARN_OBJC_ROOT_CLASS = YES_ERROR;
				CLANG_WARN_QUOTED_INCLUDE_IN_FRAMEWORK_HEADER = YES;
				CLANG_WARN_RANGE_LOOP_ANALYSIS = YES;
				CLANG_WARN_STRICT_PROTOTYPES = YES;
				CLANG_WARN_SUSPICIOUS_MOVE = YES;
				CLANG_WARN_UNGUARDED_AVAILABILITY = YES_AGGRESSIVE;
				CLANG_WARN_UNREACHABLE_CODE = YES;
				CLANG_WARN__DUPLICATE_METHOD_MATCH = YES;
				COPY_PHASE_STRIP = NO;
				DEBUG_INFORMATION_FORMAT = "dwarf-with-dsym";
				ENABLE_NS_ASSERTIONS = NO;
				ENABLE_STRICT_OBJC_MSGSEND = YES;
				GCC_C_LANGUAGE_STANDARD = gnu11;
				GCC_NO_COMMON_BLOCKS = YES;
				GCC_WARN_64_TO_32_BIT_CONVERSION = YES;
				GCC_WARN_ABOUT_RETURN_TYPE = YES_ERROR;
				GCC_WARN_UNDECLARED_SELECTOR = YES;
				GCC_WARN_UNINITIALIZED_AUTOS = YES_AGGRESSIVE;
				GCC_WARN_UNUSED_FUNCTION = YES;
				GCC_WARN_UNUSED_VARIABLE = YES;
				IPHONEOS_DEPLOYMENT_TARGET = 15.2;
				MTL_ENABLE_DEBUG_INFO = NO;
				MTL_FAST_MATH = YES;
				SDKROOT = iphoneos;
				SWIFT_COMPILATION_MODE = wholemodule;
				SWIFT_OPTIMIZATION_LEVEL = "-O";
				VALIDATE_PRODUCT = YES;
			};
			name = Release;
		};
		DA68681E27BA118300433537 /* Debug */ = {
			isa = XCBuildConfiguration;
			buildSettings = {
				ASSETCATALOG_COMPILER_APPICON_NAME = AppIcon;
				ASSETCATALOG_COMPILER_GLOBAL_ACCENT_COLOR_NAME = AccentColor;
				CODE_SIGN_STYLE = Automatic;
				CURRENT_PROJECT_VERSION = 1;
				DEVELOPMENT_TEAM = X69C2SW4Z9;
				GENERATE_INFOPLIST_FILE = YES;
				INFOPLIST_FILE = MusicPlayer/Info.plist;
				INFOPLIST_KEY_UIApplicationSupportsIndirectInputEvents = YES;
				INFOPLIST_KEY_UILaunchStoryboardName = LaunchScreen;
				INFOPLIST_KEY_UIMainStoryboardFile = Main;
				INFOPLIST_KEY_UISupportedInterfaceOrientations_iPad = "UIInterfaceOrientationPortrait UIInterfaceOrientationPortraitUpsideDown UIInterfaceOrientationLandscapeLeft UIInterfaceOrientationLandscapeRight";
				INFOPLIST_KEY_UISupportedInterfaceOrientations_iPhone = "UIInterfaceOrientationPortrait UIInterfaceOrientationLandscapeLeft UIInterfaceOrientationLandscapeRight";
				LD_RUNPATH_SEARCH_PATHS = (
					"$(inherited)",
					"@executable_path/Frameworks",
				);
				MARKETING_VERSION = 1.0;
				PRODUCT_BUNDLE_IDENTIFIER = com.MusicPlayer;
				PRODUCT_NAME = "$(TARGET_NAME)";
				SWIFT_EMIT_LOC_STRINGS = YES;
				SWIFT_VERSION = 5.0;
				TARGETED_DEVICE_FAMILY = "1,2";
			};
			name = Debug;
		};
		DA68681F27BA118300433537 /* Release */ = {
			isa = XCBuildConfiguration;
			buildSettings = {
				ASSETCATALOG_COMPILER_APPICON_NAME = AppIcon;
				ASSETCATALOG_COMPILER_GLOBAL_ACCENT_COLOR_NAME = AccentColor;
				CODE_SIGN_STYLE = Automatic;
				CURRENT_PROJECT_VERSION = 1;
				DEVELOPMENT_TEAM = X69C2SW4Z9;
				GENERATE_INFOPLIST_FILE = YES;
				INFOPLIST_FILE = MusicPlayer/Info.plist;
				INFOPLIST_KEY_UIApplicationSupportsIndirectInputEvents = YES;
				INFOPLIST_KEY_UILaunchStoryboardName = LaunchScreen;
				INFOPLIST_KEY_UIMainStoryboardFile = Main;
				INFOPLIST_KEY_UISupportedInterfaceOrientations_iPad = "UIInterfaceOrientationPortrait UIInterfaceOrientationPortraitUpsideDown UIInterfaceOrientationLandscapeLeft UIInterfaceOrientationLandscapeRight";
				INFOPLIST_KEY_UISupportedInterfaceOrientations_iPhone = "UIInterfaceOrientationPortrait UIInterfaceOrientationLandscapeLeft UIInterfaceOrientationLandscapeRight";
				LD_RUNPATH_SEARCH_PATHS = (
					"$(inherited)",
					"@executable_path/Frameworks",
				);
				MARKETING_VERSION = 1.0;
				PRODUCT_BUNDLE_IDENTIFIER = com.MusicPlayer;
				PRODUCT_NAME = "$(TARGET_NAME)";
				SWIFT_EMIT_LOC_STRINGS = YES;
				SWIFT_VERSION = 5.0;
				TARGETED_DEVICE_FAMILY = "1,2";
			};
			name = Release;
		};
/* End XCBuildConfiguration section */

/* Begin XCConfigurationList section */
		DA68680427BA118100433537 /* Build configuration list for PBXProject "MusicPlayer" */ = {
			isa = XCConfigurationList;
			buildConfigurations = (
				DA68681B27BA118300433537 /* Debug */,
				DA68681C27BA118300433537 /* Release */,
			);
			defaultConfigurationIsVisible = 0;
			defaultConfigurationName = Release;
		};
		DA68681D27BA118300433537 /* Build configuration list for PBXNativeTarget "MusicPlayer" */ = {
			isa = XCConfigurationList;
			buildConfigurations = (
				DA68681E27BA118300433537 /* Debug */,
				DA68681F27BA118300433537 /* Release */,
			);
			defaultConfigurationIsVisible = 0;
			defaultConfigurationName = Release;
		};
/* End XCConfigurationList section */
	};
	rootObject = DA68680127BA118100433537 /* Project object */;
}
